
Microsoft Visual Studio Solution File, Format Version 12.00
# Visual Studio 15
VisualStudioVersion = 15.0.27130.2010
MinimumVisualStudioVersion = 10.0.40219.1
Project("{8BC9CEB8-8B4A-11D0-8D11-00A0C91BC942}") = "WinLib", "WinLib\WinLib.vcxproj", "{012F9109-9EE0-4A64-902E-691765A851E8}"
EndProject
Project("{8BC9CEB8-8B4A-11D0-8D11-00A0C91BC942}") = "Tester", "Tester\Tester.vcxproj", "{646E5D57-6CED-4AA3-9703-179B40597CAE}"
EndProject
Project("{8BC9CEB8-8B4A-11D0-8D11-00A0C91BC942}") = "WinLibKernel", "WinLibKernel\WinLibKernel.vcxproj", "{7927C6F9-0BF5-4E3F-B54E-8DDF45B60FF9}"
EndProject
Global
	GlobalSection(SolutionConfigurationPlatforms) = preSolution
		Debug|ARM = Debug|ARM
		Debug|ARM64 = Debug|ARM64
		Debug|x64 = Debug|x64
		Debug|x86 = Debug|x86
		Release|ARM = Release|ARM
		Release|ARM64 = Release|ARM64
		Release|x64 = Release|x64
		Release|x86 = Release|x86
	EndGlobalSection
	GlobalSection(ProjectConfigurationPlatforms) = postSolution
		{012F9109-9EE0-4A64-902E-691765A851E8}.Debug|ARM.ActiveCfg = Debug|Win32
		{012F9109-9EE0-4A64-902E-691765A851E8}.Debug|ARM64.ActiveCfg = Debug|Win32
		{012F9109-9EE0-4A64-902E-691765A851E8}.Debug|x64.ActiveCfg = Debug|x64
		{012F9109-9EE0-4A64-902E-691765A851E8}.Debug|x64.Build.0 = Debug|x64
		{012F9109-9EE0-4A64-902E-691765A851E8}.Debug|x86.ActiveCfg = Debug|Win32
		{012F9109-9EE0-4A64-902E-691765A851E8}.Debug|x86.Build.0 = Debug|Win32
		{012F9109-9EE0-4A64-902E-691765A851E8}.Release|ARM.ActiveCfg = Release|Win32
		{012F9109-9EE0-4A64-902E-691765A851E8}.Release|ARM64.ActiveCfg = Release|Win32
		{012F9109-9EE0-4A64-902E-691765A851E8}.Release|x64.ActiveCfg = Release|x64
		{012F9109-9EE0-4A64-902E-691765A851E8}.Release|x64.Build.0 = Release|x64
		{012F9109-9EE0-4A64-902E-691765A851E8}.Release|x86.ActiveCfg = Release|Win32
		{012F9109-9EE0-4A64-902E-691765A851E8}.Release|x86.Build.0 = Release|Win32
		{646E5D57-6CED-4AA3-9703-179B40597CAE}.Debug|ARM.ActiveCfg = Debug|Win32
		{646E5D57-6CED-4AA3-9703-179B40597CAE}.Debug|ARM64.ActiveCfg = Debug|Win32
		{646E5D57-6CED-4AA3-9703-179B40597CAE}.Debug|x64.ActiveCfg = Debug|x64
		{646E5D57-6CED-4AA3-9703-179B40597CAE}.Debug|x64.Build.0 = Debug|x64
		{646E5D57-6CED-4AA3-9703-179B40597CAE}.Debug|x86.ActiveCfg = Debug|Win32
		{646E5D57-6CED-4AA3-9703-179B40597CAE}.Debug|x86.Build.0 = Debug|Win32
		{646E5D57-6CED-4AA3-9703-179B40597CAE}.Release|ARM.ActiveCfg = Release|Win32
		{646E5D57-6CED-4AA3-9703-179B40597CAE}.Release|ARM64.ActiveCfg = Release|Win32
		{646E5D57-6CED-4AA3-9703-179B40597CAE}.Release|x64.ActiveCfg = Release|x64
		{646E5D57-6CED-4AA3-9703-179B40597CAE}.Release|x64.Build.0 = Release|x64
		{646E5D57-6CED-4AA3-9703-179B40597CAE}.Release|x86.ActiveCfg = Release|Win32
		{646E5D57-6CED-4AA3-9703-179B40597CAE}.Release|x86.Build.0 = Release|Win32
		{7927C6F9-0BF5-4E3F-B54E-8DDF45B60FF9}.Debug|ARM.ActiveCfg = Debug|ARM
		{7927C6F9-0BF5-4E3F-B54E-8DDF45B60FF9}.Debug|ARM.Build.0 = Debug|ARM
		{7927C6F9-0BF5-4E3F-B54E-8DDF45B60FF9}.Debug|ARM.Deploy.0 = Debug|ARM
		{7927C6F9-0BF5-4E3F-B54E-8DDF45B60FF9}.Debug|ARM64.ActiveCfg = Debug|ARM64
		{7927C6F9-0BF5-4E3F-B54E-8DDF45B60FF9}.Debug|ARM64.Build.0 = Debug|ARM64
		{7927C6F9-0BF5-4E3F-B54E-8DDF45B60FF9}.Debug|ARM64.Deploy.0 = Debug|ARM64
		{7927C6F9-0BF5-4E3F-B54E-8DDF45B60FF9}.Debug|x64.ActiveCfg = Debug|x64
		{7927C6F9-0BF5-4E3F-B54E-8DDF45B60FF9}.Debug|x64.Build.0 = Debug|x64
		{7927C6F9-0BF5-4E3F-B54E-8DDF45B60FF9}.Debug|x64.Deploy.0 = Debug|x64
		{7927C6F9-0BF5-4E3F-B54E-8DDF45B60FF9}.Debug|x86.ActiveCfg = Debug|Win32
		{7927C6F9-0BF5-4E3F-B54E-8DDF45B60FF9}.Debug|x86.Build.0 = Debug|Win32
		{7927C6F9-0BF5-4E3F-B54E-8DDF45B60FF9}.Debug|x86.Deploy.0 = Debug|Win32
		{7927C6F9-0BF5-4E3F-B54E-8DDF45B60FF9}.Release|ARM.ActiveCfg = Release|ARM
		{7927C6F9-0BF5-4E3F-B54E-8DDF45B60FF9}.Release|ARM.Build.0 = Release|ARM
		{7927C6F9-0BF5-4E3F-B54E-8DDF45B60FF9}.Release|ARM.Deploy.0 = Release|ARM
		{7927C6F9-0BF5-4E3F-B54E-8DDF45B60FF9}.Release|ARM64.ActiveCfg = Release|ARM64
		{7927C6F9-0BF5-4E3F-B54E-8DDF45B60FF9}.Release|ARM64.Build.0 = Release|ARM64
		{7927C6F9-0BF5-4E3F-B54E-8DDF45B60FF9}.Release|ARM64.Deploy.0 = Release|ARM64
		{7927C6F9-0BF5-4E3F-B54E-8DDF45B60FF9}.Release|x64.ActiveCfg = Release|x64
		{7927C6F9-0BF5-4E3F-B54E-8DDF45B60FF9}.Release|x64.Build.0 = Release|x64
		{7927C6F9-0BF5-4E3F-B54E-8DDF45B60FF9}.Release|x64.Deploy.0 = Release|x64
		{7927C6F9-0BF5-4E3F-B54E-8DDF45B60FF9}.Release|x86.ActiveCfg = Release|Win32
		{7927C6F9-0BF5-4E3F-B54E-8DDF45B60FF9}.Release|x86.Build.0 = Release|Win32
		{7927C6F9-0BF5-4E3F-B54E-8DDF45B60FF9}.Release|x86.Deploy.0 = Release|Win32
	EndGlobalSection
	GlobalSection(SolutionProperties) = preSolution
		HideSolutionNode = FALSE
	EndGlobalSection
	GlobalSection(ExtensibilityGlobals) = postSolution
		SolutionGuid = {6882DEDA-2579-4500-8C9B-C20359436C9F}
	EndGlobalSection
EndGlobal
