<?xml version="1.0" encoding="utf-8"?>
<Project ToolsVersion="4.0" xmlns="http://schemas.microsoft.com/developer/msbuild/2003">
  <ItemGroup>
    <Filter Include="Quelldateien">
      <UniqueIdentifier>{4FC737F1-C7A5-4376-A066-2A32D752A2FF}</UniqueIdentifier>
      <Extensions>cpp;c;cc;cxx;def;odl;idl;hpj;bat;asm;asmx</Extensions>
    </Filter>
    <Filter Include="Headerdateien">
      <UniqueIdentifier>{93995380-89BD-4b04-88EB-625FBE52EBFB}</UniqueIdentifier>
      <Extensions>h;hh;hpp;hxx;hm;inl;inc;xsd</Extensions>
    </Filter>
    <Filter Include="Ressourcendateien">
      <UniqueIdentifier>{67DA6AB6-F800-4c08-8B7A-83BB121AAD01}</UniqueIdentifier>
      <Extensions>rc;ico;cur;bmp;dlg;rc2;rct;bin;rgs;gif;jpg;jpeg;jpe;resx;tiff;tif;png;wav;mfcribbon-ms</Extensions>
    </Filter>
    <Filter Include="Headerdateien\PE">
      <UniqueIdentifier>{bbd7db13-1cbe-466d-8662-a5c73f178f56}</UniqueIdentifier>
    </Filter>
    <Filter Include="Quelldateien\PE">
      <UniqueIdentifier>{af94e2f3-0766-482d-a4ab-1139b8e6740d}</UniqueIdentifier>
    </Filter>
    <Filter Include="Headerdateien\PE\Loader">
      <UniqueIdentifier>{e0bd8246-8a6d-41f0-8a43-f75e5423c94e}</UniqueIdentifier>
    </Filter>
    <Filter Include="Quelldateien\PE\Loader">
      <UniqueIdentifier>{65a106e4-0fe0-4f62-90a7-d52da7bfa0ea}</UniqueIdentifier>
    </Filter>
    <Filter Include="Headerdateien\Memory">
      <UniqueIdentifier>{783d278d-36a1-4fe0-b65a-e7d3051239f9}</UniqueIdentifier>
    </Filter>
    <Filter Include="Quelldateien\Memory">
      <UniqueIdentifier>{1e83ea08-1ba5-48ae-a0fc-dbdbeaa50b1d}</UniqueIdentifier>
    </Filter>
    <Filter Include="Headerdateien\Memory\Hook">
      <UniqueIdentifier>{acbf351c-26c7-4c82-a8c7-decdb5bfdb61}</UniqueIdentifier>
    </Filter>
    <Filter Include="Quelldateien\Memory\Hook">
      <UniqueIdentifier>{85cb34c5-20a3-46a4-807b-8fcd81966881}</UniqueIdentifier>
    </Filter>
    <Filter Include="Headerdateien\Output">
      <UniqueIdentifier>{113207ac-9234-4218-a623-2b88abbf15c3}</UniqueIdentifier>
    </Filter>
    <Filter Include="Quelldateien\Output">
      <UniqueIdentifier>{8da756e2-cd54-4622-a0a7-787d468ba8ba}</UniqueIdentifier>
    </Filter>
    <Filter Include="Headerdateien\Communication">
      <UniqueIdentifier>{8625dcbb-1fbd-46b4-9471-70a453acac20}</UniqueIdentifier>
    </Filter>
    <Filter Include="Quelldateien\Communication">
      <UniqueIdentifier>{5b215644-05fd-4d67-a08c-2778c9a4cd66}</UniqueIdentifier>
    </Filter>
    <Filter Include="Headerdateien\Communication\Raw">
      <UniqueIdentifier>{8750b272-0459-4156-97cf-ed22cbb7d1d0}</UniqueIdentifier>
    </Filter>
    <Filter Include="Quelldateien\Communication\Raw">
      <UniqueIdentifier>{e7032b17-c632-4ffb-8043-15688e735869}</UniqueIdentifier>
    </Filter>
    <Filter Include="Headerdateien\PE\Loader\Mono">
      <UniqueIdentifier>{0efba6bd-567a-4f01-a796-953fc8927fb4}</UniqueIdentifier>
    </Filter>
    <Filter Include="Quelldateien\PE\Loader\Mono">
      <UniqueIdentifier>{8b5dbc05-eab2-476a-8bfe-8679c35d6293}</UniqueIdentifier>
    </Filter>
    <Filter Include="Headerdateien\Lib">
      <UniqueIdentifier>{a3d147ff-bb34-4ac4-accb-331dcb8bccae}</UniqueIdentifier>
    </Filter>
    <Filter Include="Quelldateien\Lib">
      <UniqueIdentifier>{8348e7a1-bb2d-4922-accb-cdc02ed93f71}</UniqueIdentifier>
    </Filter>
  </ItemGroup>
  <ItemGroup>
    <ClInclude Include="WinProcess.h">
      <Filter>Headerdateien</Filter>
    </ClInclude>
    <ClInclude Include="WinThread.h">
      <Filter>Headerdateien</Filter>
    </ClInclude>
    <ClInclude Include="ProcessInformation.h">
      <Filter>Headerdateien</Filter>
    </ClInclude>
    <ClInclude Include="WinHandle.h">
      <Filter>Headerdateien</Filter>
    </ClInclude>
    <ClInclude Include="HandleInformation.h">
      <Filter>Headerdateien</Filter>
    </ClInclude>
    <ClInclude Include="PEFile.h">
      <Filter>Headerdateien\PE</Filter>
    </ClInclude>
    <ClInclude Include="PEAnalyser.h">
      <Filter>Headerdateien\PE</Filter>
    </ClInclude>
    <ClInclude Include="MMap.h">
      <Filter>Headerdateien\PE\Loader</Filter>
    </ClInclude>
    <ClInclude Include="LoaderParamsMMap.h">
      <Filter>Headerdateien\PE\Loader</Filter>
    </ClInclude>
    <ClInclude Include="LoadLibInjection.h">
      <Filter>Headerdateien\PE\Loader</Filter>
    </ClInclude>
    <ClInclude Include="PatternScanner.h">
      <Filter>Headerdateien\Memory</Filter>
    </ClInclude>
    <ClInclude Include="Hook.h">
      <Filter>Headerdateien\Memory\Hook</Filter>
    </ClInclude>
    <ClInclude Include="Detour.h">
      <Filter>Headerdateien\Memory\Hook</Filter>
    </ClInclude>
    <ClInclude Include="Console.h">
      <Filter>Headerdateien\Output</Filter>
    </ClInclude>
    <ClInclude Include="Vmt.h">
      <Filter>Headerdateien\Memory\Hook</Filter>
    </ClInclude>
    <ClInclude Include="Driver.h">
      <Filter>Headerdateien\PE\Loader</Filter>
    </ClInclude>
    <ClInclude Include="RawMemoryCommunication.h">
      <Filter>Headerdateien\Communication\Raw</Filter>
    </ClInclude>
    <ClInclude Include="RawData.h">
      <Filter>Headerdateien\Communication\Raw</Filter>
    </ClInclude>
    <ClInclude Include="PEData.h">
      <Filter>Headerdateien\Communication\Raw</Filter>
    </ClInclude>
    <ClInclude Include="MonoInjection.h">
      <Filter>Headerdateien\PE\Loader\Mono</Filter>
    </ClInclude>
    <ClInclude Include="ldasm.h">
      <Filter>Headerdateien\Lib</Filter>
    </ClInclude>
    <ClInclude Include="ldasm_defines.h">
      <Filter>Headerdateien\Lib</Filter>
    </ClInclude>
  </ItemGroup>
  <ItemGroup>
    <ClCompile Include="WinProcess.cpp">
      <Filter>Quelldateien</Filter>
    </ClCompile>
    <ClCompile Include="WinThread.cpp">
      <Filter>Quelldateien</Filter>
    </ClCompile>
    <ClCompile Include="ProcessInformation.cpp">
      <Filter>Quelldateien</Filter>
    </ClCompile>
    <ClCompile Include="WinHandle.cpp">
      <Filter>Quelldateien</Filter>
    </ClCompile>
    <ClCompile Include="HandleInformation.cpp">
      <Filter>Quelldateien</Filter>
    </ClCompile>
    <ClCompile Include="PEFile.cpp">
      <Filter>Quelldateien\PE</Filter>
    </ClCompile>
    <ClCompile Include="PEAnalyser.cpp">
      <Filter>Quelldateien\PE</Filter>
    </ClCompile>
    <ClCompile Include="MMap.cpp">
      <Filter>Quelldateien\PE\Loader</Filter>
    </ClCompile>
    <ClCompile Include="LoadLibInjection.cpp">
      <Filter>Quelldateien\PE\Loader</Filter>
    </ClCompile>
    <ClCompile Include="PatternScanner.cpp">
      <Filter>Quelldateien\Memory</Filter>
    </ClCompile>
    <ClCompile Include="Hook.cpp">
      <Filter>Quelldateien\Memory\Hook</Filter>
    </ClCompile>
    <ClCompile Include="Detour.cpp">
      <Filter>Quelldateien\Memory\Hook</Filter>
    </ClCompile>
    <ClCompile Include="Console.cpp">
      <Filter>Quelldateien\Output</Filter>
    </ClCompile>
    <ClCompile Include="Vmt.cpp">
      <Filter>Quelldateien\Memory\Hook</Filter>
    </ClCompile>
    <ClCompile Include="Driver.cpp">
      <Filter>Quelldateien\PE\Loader</Filter>
    </ClCompile>
    <ClCompile Include="RawMemoryCommunication.cpp">
      <Filter>Quelldateien\Communication\Raw</Filter>
    </ClCompile>
    <ClCompile Include="RawData.cpp">
      <Filter>Quelldateien\Communication\Raw</Filter>
    </ClCompile>
    <ClCompile Include="PEData.cpp">
      <Filter>Quelldateien\Communication\Raw</Filter>
    </ClCompile>
    <ClCompile Include="MonoInjection.cpp">
      <Filter>Quelldateien\PE\Loader\Mono</Filter>
    </ClCompile>
    <ClCompile Include="ldasm.cpp">
      <Filter>Quelldateien\Lib</Filter>
    </ClCompile>
  </ItemGroup>
</Project>