<?xml version="1.0" encoding="utf-8"?>
<Project ToolsVersion="4.0" xmlns="http://schemas.microsoft.com/developer/msbuild/2003">
  <ItemGroup>
    <Filter Include="Source Files">
      <UniqueIdentifier>{4FC737F1-C7A5-4376-A066-2A32D752A2FF}</UniqueIdentifier>
      <Extensions>cpp;c;cc;cxx;def;odl;idl;hpj;bat;asm;asmx</Extensions>
    </Filter>
    <Filter Include="Header Files">
      <UniqueIdentifier>{93995380-89BD-4b04-88EB-625FBE52EBFB}</UniqueIdentifier>
      <Extensions>h;hpp;hxx;hm;inl;inc;xsd</Extensions>
    </Filter>
    <Filter Include="Resource Files">
      <UniqueIdentifier>{67DA6AB6-F800-4c08-8B7A-83BB121AAD01}</UniqueIdentifier>
      <Extensions>rc;ico;cur;bmp;dlg;rc2;rct;bin;rgs;gif;jpg;jpeg;jpe;resx;tiff;tif;png;wav;mfcribbon-ms</Extensions>
    </Filter>
    <Filter Include="Driver Files">
      <UniqueIdentifier>{8E41214B-6785-4CFE-B992-037D68949A14}</UniqueIdentifier>
      <Extensions>inf;inv;inx;mof;mc;</Extensions>
    </Filter>
    <Filter Include="Header Files\std">
      <UniqueIdentifier>{5b14c1d6-86fe-4acc-afff-ee33ab84b271}</UniqueIdentifier>
    </Filter>
    <Filter Include="Header Files\PE">
      <UniqueIdentifier>{e1439254-de24-4413-99c9-a51115e4253f}</UniqueIdentifier>
    </Filter>
    <Filter Include="Header Files\Output">
      <UniqueIdentifier>{9bf3d206-3e4f-4058-8a0c-62739a25e871}</UniqueIdentifier>
    </Filter>
    <Filter Include="Header Files\PE\Loader">
      <UniqueIdentifier>{8410d502-195d-4628-b21f-02ee15937da3}</UniqueIdentifier>
    </Filter>
    <Filter Include="Header Files\Lib">
      <UniqueIdentifier>{4cdd8bec-edd7-4a3b-95ae-dc0cf1ec4d6a}</UniqueIdentifier>
    </Filter>
    <Filter Include="Header Files\Memory">
      <UniqueIdentifier>{ca37da53-062b-4f61-a0f2-dbafe8ff0c7b}</UniqueIdentifier>
    </Filter>
    <Filter Include="Header Files\Memory\Hook">
      <UniqueIdentifier>{39b2d854-291f-4821-a8ed-5eaac125d68e}</UniqueIdentifier>
    </Filter>
    <Filter Include="Source Files\Lib">
      <UniqueIdentifier>{7fe015a9-0fba-4249-8953-ec692cdc5027}</UniqueIdentifier>
    </Filter>
    <Filter Include="Source Files\Memory">
      <UniqueIdentifier>{b4404dd9-a381-40da-995c-f2d1914c5462}</UniqueIdentifier>
    </Filter>
    <Filter Include="Source Files\Memory\Hook">
      <UniqueIdentifier>{9530d17e-acc3-44b6-9217-7d33a7d79a76}</UniqueIdentifier>
    </Filter>
    <Filter Include="Source Files\PE">
      <UniqueIdentifier>{a2f58b14-6ba9-40c6-abc2-2c292ca7a9f8}</UniqueIdentifier>
    </Filter>
    <Filter Include="Source Files\PE\Loader">
      <UniqueIdentifier>{2a51dad2-415b-4810-bc73-c39979069d9c}</UniqueIdentifier>
    </Filter>
    <Filter Include="Source Files\std">
      <UniqueIdentifier>{3ab6b104-155f-4417-86a8-c96303036cae}</UniqueIdentifier>
    </Filter>
    <Filter Include="Source Files\NTOS">
      <UniqueIdentifier>{60350336-ca94-4fac-9048-25935879da3b}</UniqueIdentifier>
    </Filter>
    <Filter Include="Header Files\NTOS">
      <UniqueIdentifier>{fe81aae2-4ad4-4f18-a6c5-1ccdcb8fbb79}</UniqueIdentifier>
    </Filter>
  </ItemGroup>
  <ItemGroup>
    <Inf Include="WinLibKernel.inf">
      <Filter>Driver Files</Filter>
    </Inf>
  </ItemGroup>
  <ItemGroup>
    <ClInclude Include="memory.h">
      <Filter>Header Files\std</Filter>
    </ClInclude>
    <ClInclude Include="PEFile.h">
      <Filter>Header Files\PE</Filter>
    </ClInclude>
    <ClInclude Include="Debug.h">
      <Filter>Header Files\Output</Filter>
    </ClInclude>
    <ClInclude Include="MMapDriver.h">
      <Filter>Header Files\PE\Loader</Filter>
    </ClInclude>
    <ClInclude Include="ldasm.h">
      <Filter>Header Files\Lib</Filter>
    </ClInclude>
    <ClInclude Include="ldasm_defines.h">
      <Filter>Header Files\Lib</Filter>
    </ClInclude>
    <ClInclude Include="cr0.h">
      <Filter>Header Files\Memory</Filter>
    </ClInclude>
    <ClInclude Include="Hook.h">
      <Filter>Header Files\Memory\Hook</Filter>
    </ClInclude>
    <ClInclude Include="Detour.h">
      <Filter>Header Files\Memory\Hook</Filter>
    </ClInclude>
    <ClInclude Include="ntos.h">
      <Filter>Header Files\NTOS</Filter>
    </ClInclude>
    <ClInclude Include="winstructs.h">
      <Filter>Header Files\NTOS</Filter>
    </ClInclude>
  </ItemGroup>
  <ItemGroup>
    <ClCompile Include="PEFile.cpp">
      <Filter>Source Files\PE</Filter>
    </ClCompile>
    <ClCompile Include="MMapDriver.cpp">
      <Filter>Source Files\PE\Loader</Filter>
    </ClCompile>
    <ClCompile Include="memory.cpp">
      <Filter>Source Files\std</Filter>
    </ClCompile>
    <ClCompile Include="ldasm.cpp">
      <Filter>Source Files\Lib</Filter>
    </ClCompile>
    <ClCompile Include="cr0.cpp">
      <Filter>Source Files\Memory</Filter>
    </ClCompile>
    <ClCompile Include="Detour.cpp">
      <Filter>Source Files\Memory\Hook</Filter>
    </ClCompile>
    <ClCompile Include="Hook.cpp">
      <Filter>Source Files\Memory\Hook</Filter>
    </ClCompile>
    <ClCompile Include="ntos.cpp">
      <Filter>Source Files\NTOS</Filter>
    </ClCompile>
  </ItemGroup>
</Project>