<?xml version="1.0" encoding="utf-8"?>
<Project ToolsVersion="4.0" xmlns="http://schemas.microsoft.com/developer/msbuild/2003">
  <ItemGroup>
    <Filter Include="Source Files">
      <UniqueIdentifier>{4FC737F1-C7A5-4376-A066-2A32D752A2FF}</UniqueIdentifier>
      <Extensions>cpp;c;cc;cxx;def;odl;idl;hpj;bat;asm;asmx</Extensions>
    </Filter>
    <Filter Include="Header Files">
      <UniqueIdentifier>{93995380-89BD-4b04-88EB-625FBE52EBFB}</UniqueIdentifier>
      <Extensions>h;hpp;hxx;hm;inl;inc;xsd</Extensions>
    </Filter>
    <Filter Include="Resource Files">
      <UniqueIdentifier>{67DA6AB6-F800-4c08-8B7A-83BB121AAD01}</UniqueIdentifier>
      <Extensions>rc;ico;cur;bmp;dlg;rc2;rct;bin;rgs;gif;jpg;jpeg;jpe;resx;tiff;tif;png;wav;mfcribbon-ms</Extensions>
    </Filter>
    <Filter Include="Driver Files">
      <UniqueIdentifier>{8E41214B-6785-4CFE-B992-037D68949A14}</UniqueIdentifier>
      <Extensions>inf;inv;inx;mof;mc;</Extensions>
    </Filter>
    <Filter Include="Header Files\std">
      <UniqueIdentifier>{5b14c1d6-86fe-4acc-afff-ee33ab84b271}</UniqueIdentifier>
    </Filter>
    <Filter Include="Header Files\PE">
      <UniqueIdentifier>{e1439254-de24-4413-99c9-a51115e4253f}</UniqueIdentifier>
    </Filter>
    <Filter Include="Resource Files\PE">
      <UniqueIdentifier>{a2f58b14-6ba9-40c6-abc2-2c292ca7a9f8}</UniqueIdentifier>
    </Filter>
    <Filter Include="Header Files\Output">
      <UniqueIdentifier>{9bf3d206-3e4f-4058-8a0c-62739a25e871}</UniqueIdentifier>
    </Filter>
  </ItemGroup>
  <ItemGroup>
    <Inf Include="WinLibKernel.inf">
      <Filter>Driver Files</Filter>
    </Inf>
  </ItemGroup>
  <ItemGroup>
    <ClInclude Include="memory.h">
      <Filter>Header Files\std</Filter>
    </ClInclude>
    <ClInclude Include="PEFile.h">
      <Filter>Header Files\PE</Filter>
    </ClInclude>
    <ClInclude Include="winstructs.h">
      <Filter>Header Files\std</Filter>
    </ClInclude>
    <ClInclude Include="Debug.h">
      <Filter>Header Files\Output</Filter>
    </ClInclude>
  </ItemGroup>
  <ItemGroup>
    <ClCompile Include="PEFile.cpp">
      <Filter>Resource Files\PE</Filter>
    </ClCompile>
  </ItemGroup>
</Project>